
Microsoft Visual Studio Solution File, Format Version 12.00
# Visual Studio 15
VisualStudioVersion = 15.0.26730.16
MinimumVisualStudioVersion = 10.0.40219.1
Project("{FAE04EC0-301F-11D3-BF4B-00C04F79EFBC}") = "OpacicJanSucelje", "OpacicJanSucelje\OpacicJanSucelje.csproj", "{76DC491E-42C3-4DDC-80A6-03DAA276209E}"
EndProject
Global
	GlobalSection(SolutionConfigurationPlatforms) = preSolution
		Debug|Any CPU = Debug|Any CPU
		Release|Any CPU = Release|Any CPU
	EndGlobalSection
	GlobalSection(ProjectConfigurationPlatforms) = postSolution
		{76DC491E-42C3-4DDC-80A6-03DAA276209E}.Debug|Any CPU.ActiveCfg = Debug|Any CPU
		{76DC491E-42C3-4DDC-80A6-03DAA276209E}.Debug|Any CPU.Build.0 = Debug|Any CPU
		{76DC491E-42C3-4DDC-80A6-03DAA276209E}.Release|Any CPU.ActiveCfg = Release|Any CPU
		{76DC491E-42C3-4DDC-80A6-03DAA276209E}.Release|Any CPU.Build.0 = Release|Any CPU
	EndGlobalSection
	GlobalSection(SolutionProperties) = preSolution
		HideSolutionNode = FALSE
	EndGlobalSection
	GlobalSection(ExtensibilityGlobals) = postSolution
		SolutionGuid = {82AB3E75-4CF1-46E4-84D6-CF0255FDD0C3}
	EndGlobalSection
EndGlobal
